
Microsoft Visual Studio Solution File, Format Version 11.00
# Visual C# Express 2010
Project("{FAE04EC0-301F-11D3-BF4B-00C04F79EFBC}") = "övning24kap2", "övning24kap2\övning24kap2.csproj", "{1D9EFA1B-A2F8-43E5-A43C-910EF6CA2BBA}"
EndProject
Global
	GlobalSection(SolutionConfigurationPlatforms) = preSolution
		Debug|x86 = Debug|x86
		Release|x86 = Release|x86
	EndGlobalSection
	GlobalSection(ProjectConfigurationPlatforms) = postSolution
		{1D9EFA1B-A2F8-43E5-A43C-910EF6CA2BBA}.Debug|x86.ActiveCfg = Debug|x86
		{1D9EFA1B-A2F8-43E5-A43C-910EF6CA2BBA}.Debug|x86.Build.0 = Debug|x86
		{1D9EFA1B-A2F8-43E5-A43C-910EF6CA2BBA}.Release|x86.ActiveCfg = Release|x86
		{1D9EFA1B-A2F8-43E5-A43C-910EF6CA2BBA}.Release|x86.Build.0 = Release|x86
	EndGlobalSection
	GlobalSection(SolutionProperties) = preSolution
		HideSolutionNode = FALSE
	EndGlobalSection
EndGlobal
